
Microsoft Visual Studio Solution File, Format Version 12.00
# Visual Studio Version 17
VisualStudioVersion = 17.7.34221.43
MinimumVisualStudioVersion = 10.0.40219.1
Project("{FAE04EC0-301F-11D3-BF4B-00C04F79EFBC}") = "PracticaEvualativa#2", "PracticaEvualativa#2.csproj", "{CADFE464-FCFC-49C2-8559-66E43F03D563}"
EndProject
Global
	GlobalSection(SolutionConfigurationPlatforms) = preSolution
		Debug|Any CPU = Debug|Any CPU
		Release|Any CPU = Release|Any CPU
	EndGlobalSection
	GlobalSection(ProjectConfigurationPlatforms) = postSolution
		{CADFE464-FCFC-49C2-8559-66E43F03D563}.Debug|Any CPU.ActiveCfg = Debug|Any CPU
		{CADFE464-FCFC-49C2-8559-66E43F03D563}.Debug|Any CPU.Build.0 = Debug|Any CPU
		{CADFE464-FCFC-49C2-8559-66E43F03D563}.Release|Any CPU.ActiveCfg = Release|Any CPU
		{CADFE464-FCFC-49C2-8559-66E43F03D563}.Release|Any CPU.Build.0 = Release|Any CPU
	EndGlobalSection
	GlobalSection(SolutionProperties) = preSolution
		HideSolutionNode = FALSE
	EndGlobalSection
	GlobalSection(ExtensibilityGlobals) = postSolution
		SolutionGuid = {8184FAFA-552A-47E2-BA3E-5145ABE69524}
	EndGlobalSection
EndGlobal
